
Microsoft Visual Studio Solution File, Format Version 12.00
# Visual Studio Version 16
VisualStudioVersion = 16.0.30907.101
MinimumVisualStudioVersion = 10.0.40219.1
Project("{2150E333-8FDC-42A3-9474-1A3956D46DE8}") = "src", "src", "{B358D6BC-3DF6-4861-804D-F3212ED09D45}"
EndProject
Project("{2150E333-8FDC-42A3-9474-1A3956D46DE8}") = "Services", "Services", "{6D367485-B2DF-43C1-BF3C-0A543254109E}"
EndProject
Project("{2150E333-8FDC-42A3-9474-1A3956D46DE8}") = "Building Blocks", "Building Blocks", "{E8E42473-2A55-4F34-9292-D5325CB5C3A0}"
EndProject
Project("{2150E333-8FDC-42A3-9474-1A3956D46DE8}") = "Core", "Core", "{BA029827-894A-4FE8-8C19-0A8B7DE64C38}"
EndProject
Project("{2150E333-8FDC-42A3-9474-1A3956D46DE8}") = "MessageBus", "MessageBus", "{F0BCEB23-575C-48A1-BC04-693DF3AD39D9}"
EndProject
Project("{9A19103F-16F7-4668-BE54-9A1E7A4F7556}") = "BancoBari.MessageBus", "src\building blocks\MessageBus\BancoBari.MessageBus\BancoBari.MessageBus.csproj", "{8CA95F42-8DDC-487B-BF9F-7B967CD2E7EB}"
EndProject
Project("{9A19103F-16F7-4668-BE54-9A1E7A4F7556}") = "BancoBari.Core", "src\building blocks\MessageBus\BancoBari.Core\BancoBari.Core.csproj", "{FB2EAB84-1184-4C18-AE9E-289390559CD2}"
EndProject
Project("{9A19103F-16F7-4668-BE54-9A1E7A4F7556}") = "BancoBari.Produce.Api", "src\services\BancoBari.Produce.Api\BancoBari.Produce.Api.csproj", "{D276A9AF-C9AD-45E5-9640-E405DC1087E3}"
EndProject
Project("{FAE04EC0-301F-11D3-BF4B-00C04F79EFBC}") = "BancoBari.WorkerConsumer", "src\services\BancoBari.WorkerConsumer\BancoBari.WorkerConsumer.csproj", "{0F20676F-D326-47C9-B0E5-C396DD1C5943}"
EndProject
Project("{FAE04EC0-301F-11D3-BF4B-00C04F79EFBC}") = "BancoBari.Api", "src\services\BancoBari.Api\BancoBari.Api.csproj", "{EDE84F48-813B-450C-A648-78EBDBA1934F}"
EndProject
Project("{FAE04EC0-301F-11D3-BF4B-00C04F79EFBC}") = "BancoBari.WorkerProducer", "src\services\BancoBari.WorkerProducer\BancoBari.WorkerProducer.csproj", "{ED1997AA-22C9-40D3-9EB8-9950731184CD}"
EndProject
Project("{9A19103F-16F7-4668-BE54-9A1E7A4F7556}") = "BancoBari.Produce", "BancoBari.Produce\BancoBari.Produce.csproj", "{77CCB10C-77D4-4ECE-82F1-092A3A7BE12B}"
EndProject
Project("{9A19103F-16F7-4668-BE54-9A1E7A4F7556}") = "BancoBari.Consumer", "src\services\BancoBari.Consumer\BancoBari.Consumer.csproj", "{C4C4B817-DA7E-48FA-9194-C6385E5B739E}"
EndProject
Project("{2150E333-8FDC-42A3-9474-1A3956D46DE8}") = "test", "test", "{33B7A75B-2C85-4339-A003-D853C95975B9}"
EndProject
Project("{9A19103F-16F7-4668-BE54-9A1E7A4F7556}") = "BancoBari.Core.Test", "src\test\BancoBari.Core.Test\BancoBari.Core.Test.csproj", "{B1F465F3-F54E-4521-B1BF-A92CEDA4FDD7}"
EndProject
Project("{FAE04EC0-301F-11D3-BF4B-00C04F79EFBC}") = "BancoBari.MessageBus.Test", "src\test\BancoBari.MessageBus.Test\BancoBari.MessageBus.Test.csproj", "{726F32C9-8F8E-4E78-ABA4-092CF4C3B2CF}"
EndProject
Global
	GlobalSection(SolutionConfigurationPlatforms) = preSolution
		Debug|Any CPU = Debug|Any CPU
		Release|Any CPU = Release|Any CPU
	EndGlobalSection
	GlobalSection(ProjectConfigurationPlatforms) = postSolution
		{8CA95F42-8DDC-487B-BF9F-7B967CD2E7EB}.Debug|Any CPU.ActiveCfg = Debug|Any CPU
		{8CA95F42-8DDC-487B-BF9F-7B967CD2E7EB}.Debug|Any CPU.Build.0 = Debug|Any CPU
		{8CA95F42-8DDC-487B-BF9F-7B967CD2E7EB}.Release|Any CPU.ActiveCfg = Release|Any CPU
		{8CA95F42-8DDC-487B-BF9F-7B967CD2E7EB}.Release|Any CPU.Build.0 = Release|Any CPU
		{FB2EAB84-1184-4C18-AE9E-289390559CD2}.Debug|Any CPU.ActiveCfg = Debug|Any CPU
		{FB2EAB84-1184-4C18-AE9E-289390559CD2}.Debug|Any CPU.Build.0 = Debug|Any CPU
		{FB2EAB84-1184-4C18-AE9E-289390559CD2}.Release|Any CPU.ActiveCfg = Release|Any CPU
		{FB2EAB84-1184-4C18-AE9E-289390559CD2}.Release|Any CPU.Build.0 = Release|Any CPU
		{D276A9AF-C9AD-45E5-9640-E405DC1087E3}.Debug|Any CPU.ActiveCfg = Debug|Any CPU
		{D276A9AF-C9AD-45E5-9640-E405DC1087E3}.Debug|Any CPU.Build.0 = Debug|Any CPU
		{D276A9AF-C9AD-45E5-9640-E405DC1087E3}.Release|Any CPU.ActiveCfg = Release|Any CPU
		{D276A9AF-C9AD-45E5-9640-E405DC1087E3}.Release|Any CPU.Build.0 = Release|Any CPU
		{0F20676F-D326-47C9-B0E5-C396DD1C5943}.Debug|Any CPU.ActiveCfg = Debug|Any CPU
		{0F20676F-D326-47C9-B0E5-C396DD1C5943}.Debug|Any CPU.Build.0 = Debug|Any CPU
		{0F20676F-D326-47C9-B0E5-C396DD1C5943}.Release|Any CPU.ActiveCfg = Release|Any CPU
		{0F20676F-D326-47C9-B0E5-C396DD1C5943}.Release|Any CPU.Build.0 = Release|Any CPU
		{EDE84F48-813B-450C-A648-78EBDBA1934F}.Debug|Any CPU.ActiveCfg = Debug|Any CPU
		{EDE84F48-813B-450C-A648-78EBDBA1934F}.Debug|Any CPU.Build.0 = Debug|Any CPU
		{EDE84F48-813B-450C-A648-78EBDBA1934F}.Release|Any CPU.ActiveCfg = Release|Any CPU
		{EDE84F48-813B-450C-A648-78EBDBA1934F}.Release|Any CPU.Build.0 = Release|Any CPU
		{ED1997AA-22C9-40D3-9EB8-9950731184CD}.Debug|Any CPU.ActiveCfg = Debug|Any CPU
		{ED1997AA-22C9-40D3-9EB8-9950731184CD}.Debug|Any CPU.Build.0 = Debug|Any CPU
		{ED1997AA-22C9-40D3-9EB8-9950731184CD}.Release|Any CPU.ActiveCfg = Release|Any CPU
		{ED1997AA-22C9-40D3-9EB8-9950731184CD}.Release|Any CPU.Build.0 = Release|Any CPU
		{77CCB10C-77D4-4ECE-82F1-092A3A7BE12B}.Debug|Any CPU.ActiveCfg = Debug|Any CPU
		{77CCB10C-77D4-4ECE-82F1-092A3A7BE12B}.Debug|Any CPU.Build.0 = Debug|Any CPU
		{77CCB10C-77D4-4ECE-82F1-092A3A7BE12B}.Release|Any CPU.ActiveCfg = Release|Any CPU
		{77CCB10C-77D4-4ECE-82F1-092A3A7BE12B}.Release|Any CPU.Build.0 = Release|Any CPU
		{C4C4B817-DA7E-48FA-9194-C6385E5B739E}.Debug|Any CPU.ActiveCfg = Debug|Any CPU
		{C4C4B817-DA7E-48FA-9194-C6385E5B739E}.Debug|Any CPU.Build.0 = Debug|Any CPU
		{C4C4B817-DA7E-48FA-9194-C6385E5B739E}.Release|Any CPU.ActiveCfg = Release|Any CPU
		{C4C4B817-DA7E-48FA-9194-C6385E5B739E}.Release|Any CPU.Build.0 = Release|Any CPU
		{B1F465F3-F54E-4521-B1BF-A92CEDA4FDD7}.Debug|Any CPU.ActiveCfg = Debug|Any CPU
		{B1F465F3-F54E-4521-B1BF-A92CEDA4FDD7}.Debug|Any CPU.Build.0 = Debug|Any CPU
		{B1F465F3-F54E-4521-B1BF-A92CEDA4FDD7}.Release|Any CPU.ActiveCfg = Release|Any CPU
		{B1F465F3-F54E-4521-B1BF-A92CEDA4FDD7}.Release|Any CPU.Build.0 = Release|Any CPU
		{726F32C9-8F8E-4E78-ABA4-092CF4C3B2CF}.Debug|Any CPU.ActiveCfg = Debug|Any CPU
		{726F32C9-8F8E-4E78-ABA4-092CF4C3B2CF}.Debug|Any CPU.Build.0 = Debug|Any CPU
		{726F32C9-8F8E-4E78-ABA4-092CF4C3B2CF}.Release|Any CPU.ActiveCfg = Release|Any CPU
		{726F32C9-8F8E-4E78-ABA4-092CF4C3B2CF}.Release|Any CPU.Build.0 = Release|Any CPU
	EndGlobalSection
	GlobalSection(SolutionProperties) = preSolution
		HideSolutionNode = FALSE
	EndGlobalSection
	GlobalSection(NestedProjects) = preSolution
		{6D367485-B2DF-43C1-BF3C-0A543254109E} = {B358D6BC-3DF6-4861-804D-F3212ED09D45}
		{E8E42473-2A55-4F34-9292-D5325CB5C3A0} = {B358D6BC-3DF6-4861-804D-F3212ED09D45}
		{BA029827-894A-4FE8-8C19-0A8B7DE64C38} = {E8E42473-2A55-4F34-9292-D5325CB5C3A0}
		{F0BCEB23-575C-48A1-BC04-693DF3AD39D9} = {E8E42473-2A55-4F34-9292-D5325CB5C3A0}
		{8CA95F42-8DDC-487B-BF9F-7B967CD2E7EB} = {F0BCEB23-575C-48A1-BC04-693DF3AD39D9}
		{FB2EAB84-1184-4C18-AE9E-289390559CD2} = {BA029827-894A-4FE8-8C19-0A8B7DE64C38}
		{D276A9AF-C9AD-45E5-9640-E405DC1087E3} = {6D367485-B2DF-43C1-BF3C-0A543254109E}
		{0F20676F-D326-47C9-B0E5-C396DD1C5943} = {6D367485-B2DF-43C1-BF3C-0A543254109E}
		{EDE84F48-813B-450C-A648-78EBDBA1934F} = {6D367485-B2DF-43C1-BF3C-0A543254109E}
		{ED1997AA-22C9-40D3-9EB8-9950731184CD} = {6D367485-B2DF-43C1-BF3C-0A543254109E}
		{77CCB10C-77D4-4ECE-82F1-092A3A7BE12B} = {6D367485-B2DF-43C1-BF3C-0A543254109E}
		{C4C4B817-DA7E-48FA-9194-C6385E5B739E} = {6D367485-B2DF-43C1-BF3C-0A543254109E}
		{33B7A75B-2C85-4339-A003-D853C95975B9} = {B358D6BC-3DF6-4861-804D-F3212ED09D45}
		{B1F465F3-F54E-4521-B1BF-A92CEDA4FDD7} = {33B7A75B-2C85-4339-A003-D853C95975B9}
		{726F32C9-8F8E-4E78-ABA4-092CF4C3B2CF} = {33B7A75B-2C85-4339-A003-D853C95975B9}
	EndGlobalSection
	GlobalSection(ExtensibilityGlobals) = postSolution
		SolutionGuid = {86EA8AF1-D74F-432C-B02A-6B0E3D783F4E}
	EndGlobalSection
EndGlobal
